
Microsoft Visual Studio Solution File, Format Version 12.00
# Visual Studio 2013
VisualStudioVersion = 12.0.31101.0
MinimumVisualStudioVersion = 10.0.40219.1
Project("{FAE04EC0-301F-11D3-BF4B-00C04F79EFBC}") = "RJBMySQLUtilities", "RJBMySQLUtilities\RJBMySQLUtilities.csproj", "{56F6A080-F96A-4195-8D92-634D4B7965C6}"
EndProject
Project("{FAE04EC0-301F-11D3-BF4B-00C04F79EFBC}") = "RJBMySQLUtilitiesTest", "RJBMySQLUtilitiesTest\RJBMySQLUtilitiesTest.csproj", "{A7D60D69-FC0F-44CD-B99B-2C9BE52A9CB9}"
EndProject
Global
	GlobalSection(SolutionConfigurationPlatforms) = preSolution
		Debug|Any CPU = Debug|Any CPU
		Release|Any CPU = Release|Any CPU
	EndGlobalSection
	GlobalSection(ProjectConfigurationPlatforms) = postSolution
		{56F6A080-F96A-4195-8D92-634D4B7965C6}.Debug|Any CPU.ActiveCfg = Debug|Any CPU
		{56F6A080-F96A-4195-8D92-634D4B7965C6}.Debug|Any CPU.Build.0 = Debug|Any CPU
		{56F6A080-F96A-4195-8D92-634D4B7965C6}.Release|Any CPU.ActiveCfg = Release|Any CPU
		{56F6A080-F96A-4195-8D92-634D4B7965C6}.Release|Any CPU.Build.0 = Release|Any CPU
		{A7D60D69-FC0F-44CD-B99B-2C9BE52A9CB9}.Debug|Any CPU.ActiveCfg = Debug|Any CPU
		{A7D60D69-FC0F-44CD-B99B-2C9BE52A9CB9}.Debug|Any CPU.Build.0 = Debug|Any CPU
		{A7D60D69-FC0F-44CD-B99B-2C9BE52A9CB9}.Release|Any CPU.ActiveCfg = Release|Any CPU
		{A7D60D69-FC0F-44CD-B99B-2C9BE52A9CB9}.Release|Any CPU.Build.0 = Release|Any CPU
	EndGlobalSection
	GlobalSection(SolutionProperties) = preSolution
		HideSolutionNode = FALSE
	EndGlobalSection
EndGlobal
